
Microsoft Visual Studio Solution File, Format Version 12.00
# Visual Studio Version 16
VisualStudioVersion = 16.0.29009.5
MinimumVisualStudioVersion = 10.0.40219.1
Project("{FAE04EC0-301F-11D3-BF4B-00C04F79EFBC}") = "DemoApp", "DemoApp\DemoApp.csproj", "{1D40EB85-75A5-4AB4-9711-6E7E679AF724}"
EndProject
Project("{FAE04EC0-301F-11D3-BF4B-00C04F79EFBC}") = "WebAPI", "WebAPI\WebAPI.csproj", "{D4300285-BDC1-494E-8C67-13BE153BF3E2}"
EndProject
Project("{FAE04EC0-301F-11D3-BF4B-00C04F79EFBC}") = "DataAccessLayer", "DataAccessLayer\DataAccessLayer.csproj", "{335A6EC1-51FB-4848-B235-EC1A7D15B222}"
EndProject
Global
	GlobalSection(SolutionConfigurationPlatforms) = preSolution
		Debug|Any CPU = Debug|Any CPU
		Release|Any CPU = Release|Any CPU
	EndGlobalSection
	GlobalSection(ProjectConfigurationPlatforms) = postSolution
		{1D40EB85-75A5-4AB4-9711-6E7E679AF724}.Debug|Any CPU.ActiveCfg = Debug|Any CPU
		{1D40EB85-75A5-4AB4-9711-6E7E679AF724}.Debug|Any CPU.Build.0 = Debug|Any CPU
		{1D40EB85-75A5-4AB4-9711-6E7E679AF724}.Release|Any CPU.ActiveCfg = Release|Any CPU
		{1D40EB85-75A5-4AB4-9711-6E7E679AF724}.Release|Any CPU.Build.0 = Release|Any CPU
		{D4300285-BDC1-494E-8C67-13BE153BF3E2}.Debug|Any CPU.ActiveCfg = Debug|Any CPU
		{D4300285-BDC1-494E-8C67-13BE153BF3E2}.Debug|Any CPU.Build.0 = Debug|Any CPU
		{D4300285-BDC1-494E-8C67-13BE153BF3E2}.Release|Any CPU.ActiveCfg = Release|Any CPU
		{D4300285-BDC1-494E-8C67-13BE153BF3E2}.Release|Any CPU.Build.0 = Release|Any CPU
		{335A6EC1-51FB-4848-B235-EC1A7D15B222}.Debug|Any CPU.ActiveCfg = Debug|Any CPU
		{335A6EC1-51FB-4848-B235-EC1A7D15B222}.Debug|Any CPU.Build.0 = Debug|Any CPU
		{335A6EC1-51FB-4848-B235-EC1A7D15B222}.Release|Any CPU.ActiveCfg = Release|Any CPU
		{335A6EC1-51FB-4848-B235-EC1A7D15B222}.Release|Any CPU.Build.0 = Release|Any CPU
	EndGlobalSection
	GlobalSection(SolutionProperties) = preSolution
		HideSolutionNode = FALSE
	EndGlobalSection
	GlobalSection(ExtensibilityGlobals) = postSolution
		SolutionGuid = {663CF7EB-9088-4F26-BA51-A23404F38A03}
	EndGlobalSection
EndGlobal
